
Microsoft Visual Studio Solution File, Format Version 11.00
# Visual Studio 2010
Project("{FAE04EC0-301F-11D3-BF4B-00C04F79EFBC}") = "SecEMSServer", "SecEMSServer\SecEMSServer.csproj", "{1FCD6601-4D21-42F9-8041-AEC5C53FD99C}"
EndProject
Global
	GlobalSection(SolutionConfigurationPlatforms) = preSolution
		Debug|x86 = Debug|x86
		Release|x86 = Release|x86
	EndGlobalSection
	GlobalSection(ProjectConfigurationPlatforms) = postSolution
		{1FCD6601-4D21-42F9-8041-AEC5C53FD99C}.Debug|x86.ActiveCfg = Debug|x86
		{1FCD6601-4D21-42F9-8041-AEC5C53FD99C}.Debug|x86.Build.0 = Debug|x86
		{1FCD6601-4D21-42F9-8041-AEC5C53FD99C}.Release|x86.ActiveCfg = Release|x86
		{1FCD6601-4D21-42F9-8041-AEC5C53FD99C}.Release|x86.Build.0 = Release|x86
	EndGlobalSection
	GlobalSection(SolutionProperties) = preSolution
		HideSolutionNode = FALSE
	EndGlobalSection
EndGlobal
